<?xml version="1.0" encoding="utf-8"?>
<Project ToolsVersion="4.0" xmlns="http://schemas.microsoft.com/developer/msbuild/2003">
  <ItemGroup>
    <Filter Include="Headers">
      <UniqueIdentifier>{9005d7eb-2d69-4838-8618-1af42051659e}</UniqueIdentifier>
    </Filter>
    <Filter Include="Test">
      <UniqueIdentifier>{010c9b0e-2d09-4d62-82a5-c1cd5d902f85}</UniqueIdentifier>
    </Filter>
    <Filter Include="Headers\Win32">
      <UniqueIdentifier>{38fde71a-5f8f-45b7-b66a-8a7d9f9798d7}</UniqueIdentifier>
    </Filter>
    <Filter Include="Tools">
      <UniqueIdentifier>{a7cb16a0-284a-4854-a0dd-fcdab022db62}</UniqueIdentifier>
    </Filter>
  </ItemGroup>
  <ItemGroup>
    <ClInclude Include="Headers\sRenderer.h">
      <Filter>Headers</Filter>
    </ClInclude>
    <ClInclude Include="Headers\sTypes.h">
      <Filter>Headers</Filter>
    </ClInclude>
    <ClInclude Include="Headers\Win32\sRenderer_win32.h">
      <Filter>Headers\Win32</Filter>
    </ClInclude>
    <ClInclude Include="Tools\CommonTools.h">
      <Filter>Tools</Filter>
    </ClInclude>
    <ClInclude Include="Tools\Log.hpp">
      <Filter>Tools</Filter>
    </ClInclude>
    <ClInclude Include="Tools\Manager.h">
      <Filter>Tools</Filter>
    </ClInclude>
    <ClInclude Include="Tools\Singleton.h">
      <Filter>Tools</Filter>
    </ClInclude>
    <ClInclude Include="Headers\sRenderContext.h">
      <Filter>Headers</Filter>
    </ClInclude>
    <ClInclude Include="Headers\sTexture.h">
      <Filter>Headers</Filter>
    </ClInclude>
  </ItemGroup>
  <ItemGroup>
    <ClCompile Include="Headers\Win32\sRenderer_win32.cpp">
      <Filter>Headers\Win32</Filter>
    </ClCompile>
    <ClCompile Include="Test\main.cpp">
      <Filter>Test</Filter>
    </ClCompile>
    <ClCompile Include="Tools\CommonTools.cpp">
      <Filter>Tools</Filter>
    </ClCompile>
    <ClCompile Include="Tools\Log.cpp">
      <Filter>Tools</Filter>
    </ClCompile>
    <ClCompile Include="Headers\sRenderer.cpp">
      <Filter>Headers</Filter>
    </ClCompile>
  </ItemGroup>
  <ItemGroup>
    <None Include="Tools\Log.inl">
      <Filter>Tools</Filter>
    </None>
  </ItemGroup>
</Project>